// !$*UTF8*$!
{
	archiveVersion = 1;
	classes = {
	};
	objectVersion = 46;
	objects = {

/* Begin PBXBuildFile section */
		303A6F2E184408760000D593 /* BardVM_Mac.1 in CopyFiles */ = {isa = PBXBuildFile; fileRef = 303A6F2D184408760000D593 /* BardVM_Mac.1 */; };
		303A6F37184409780000D593 /* Bard.c in Sources */ = {isa = PBXBuildFile; fileRef = 303A6F36184409780000D593 /* Bard.c */; };
		303A6F5C184409980000D593 /* BardMM.c in Sources */ = {isa = PBXBuildFile; fileRef = 303A6F39184409980000D593 /* BardMM.c */; };
		303A6F5D184409980000D593 /* BardVM.c in Sources */ = {isa = PBXBuildFile; fileRef = 303A6F3B184409980000D593 /* BardVM.c */; };
		303A6F5F184409980000D593 /* BardArray.c in Sources */ = {isa = PBXBuildFile; fileRef = 303A6F3F184409980000D593 /* BardArray.c */; };
		303A6F64184409980000D593 /* BardObject.c in Sources */ = {isa = PBXBuildFile; fileRef = 303A6F4A184409980000D593 /* BardObject.c */; };
		303A6F65184409980000D593 /* BardOpcodes.c in Sources */ = {isa = PBXBuildFile; fileRef = 303A6F4C184409980000D593 /* BardOpcodes.c */; };
		303A6F66184409980000D593 /* BardProcessor.c in Sources */ = {isa = PBXBuildFile; fileRef = 303A6F4E184409980000D593 /* BardProcessor.c */; };
		303A6F6A184409980000D593 /* BardString.c in Sources */ = {isa = PBXBuildFile; fileRef = 303A6F56184409980000D593 /* BardString.c */; };
		3072D50518C7B18800AAD23B /* BardEventQueue.c in Sources */ = {isa = PBXBuildFile; fileRef = 3072D50318C7B18800AAD23B /* BardEventQueue.c */; };
		30B1ED251851015600A35407 /* BardBCLoader.c in Sources */ = {isa = PBXBuildFile; fileRef = 30B1ED111851015600A35407 /* BardBCLoader.c */; };
		30B1ED261851015600A35407 /* BardFileReader.c in Sources */ = {isa = PBXBuildFile; fileRef = 30B1ED141851015600A35407 /* BardFileReader.c */; };
		30B1ED271851015600A35407 /* BardList.c in Sources */ = {isa = PBXBuildFile; fileRef = 30B1ED161851015600A35407 /* BardList.c */; };
		30B1ED281851015600A35407 /* BardMessageManager.c in Sources */ = {isa = PBXBuildFile; fileRef = 30B1ED181851015600A35407 /* BardMessageManager.c */; };
		30B1ED291851015600A35407 /* BardMethod.c in Sources */ = {isa = PBXBuildFile; fileRef = 30B1ED1A1851015600A35407 /* BardMethod.c */; };
		30B1ED2A1851015600A35407 /* BardProperty.c in Sources */ = {isa = PBXBuildFile; fileRef = 30B1ED1C1851015600A35407 /* BardProperty.c */; };
		30B1ED2B1851015600A35407 /* BardStandardLibrary.c in Sources */ = {isa = PBXBuildFile; fileRef = 30B1ED1E1851015600A35407 /* BardStandardLibrary.c */; };
		30B1ED2C1851015600A35407 /* BardType.c in Sources */ = {isa = PBXBuildFile; fileRef = 30B1ED201851015600A35407 /* BardType.c */; };
		30B1ED2D1851015600A35407 /* BardUtil.c in Sources */ = {isa = PBXBuildFile; fileRef = 30B1ED221851015600A35407 /* BardUtil.c */; };
/* End PBXBuildFile section */

/* Begin PBXCopyFilesBuildPhase section */
		303A6F26184408760000D593 /* CopyFiles */ = {
			isa = PBXCopyFilesBuildPhase;
			buildActionMask = 2147483647;
			dstPath = /usr/share/man/man1/;
			dstSubfolderSpec = 0;
			files = (
				303A6F2E184408760000D593 /* BardVM_Mac.1 in CopyFiles */,
			);
			runOnlyForDeploymentPostprocessing = 1;
		};
/* End PBXCopyFilesBuildPhase section */

/* Begin PBXFileReference section */
		303A6F28184408760000D593 /* BardVM-Mac */ = {isa = PBXFileReference; explicitFileType = "compiled.mach-o.executable"; includeInIndex = 0; name = "BardVM-Mac"; path = bard; sourceTree = BUILT_PRODUCTS_DIR; };
		303A6F2D184408760000D593 /* BardVM_Mac.1 */ = {isa = PBXFileReference; lastKnownFileType = text.man; path = BardVM_Mac.1; sourceTree = "<group>"; };
		303A6F36184409780000D593 /* Bard.c */ = {isa = PBXFileReference; fileEncoding = 4; lastKnownFileType = sourcecode.c.c; name = Bard.c; path = ../../Bard.c; sourceTree = "<group>"; };
		303A6F38184409980000D593 /* Bard.h */ = {isa = PBXFileReference; fileEncoding = 4; lastKnownFileType = sourcecode.c.h; name = Bard.h; path = ../../../../Libraries/Bard/VM/C/Bard.h; sourceTree = "<group>"; };
		303A6F39184409980000D593 /* BardMM.c */ = {isa = PBXFileReference; fileEncoding = 4; lastKnownFileType = sourcecode.c.c; name = BardMM.c; path = ../../../../Libraries/Bard/VM/C/BardMM.c; sourceTree = "<group>"; };
		303A6F3A184409980000D593 /* BardMM.h */ = {isa = PBXFileReference; fileEncoding = 4; lastKnownFileType = sourcecode.c.h; name = BardMM.h; path = ../../../../Libraries/Bard/VM/C/BardMM.h; sourceTree = "<group>"; };
		303A6F3B184409980000D593 /* BardVM.c */ = {isa = PBXFileReference; fileEncoding = 4; lastKnownFileType = sourcecode.c.c; name = BardVM.c; path = ../../../../Libraries/Bard/VM/C/BardVM.c; sourceTree = "<group>"; };
		303A6F3C184409980000D593 /* BardVM.h */ = {isa = PBXFileReference; fileEncoding = 4; lastKnownFileType = sourcecode.c.h; name = BardVM.h; path = ../../../../Libraries/Bard/VM/C/BardVM.h; sourceTree = "<group>"; };
		303A6F3F184409980000D593 /* BardArray.c */ = {isa = PBXFileReference; fileEncoding = 4; lastKnownFileType = sourcecode.c.c; name = BardArray.c; path = ../../../../Libraries/Bard/VM/C/BardArray.c; sourceTree = "<group>"; };
		303A6F40184409980000D593 /* BardArray.h */ = {isa = PBXFileReference; fileEncoding = 4; lastKnownFileType = sourcecode.c.h; name = BardArray.h; path = ../../../../Libraries/Bard/VM/C/BardArray.h; sourceTree = "<group>"; };
		303A6F4A184409980000D593 /* BardObject.c */ = {isa = PBXFileReference; fileEncoding = 4; lastKnownFileType = sourcecode.c.c; name = BardObject.c; path = ../../../../Libraries/Bard/VM/C/BardObject.c; sourceTree = "<group>"; };
		303A6F4B184409980000D593 /* BardObject.h */ = {isa = PBXFileReference; fileEncoding = 4; lastKnownFileType = sourcecode.c.h; name = BardObject.h; path = ../../../../Libraries/Bard/VM/C/BardObject.h; sourceTree = "<group>"; };
		303A6F4C184409980000D593 /* BardOpcodes.c */ = {isa = PBXFileReference; fileEncoding = 4; lastKnownFileType = sourcecode.c.c; name = BardOpcodes.c; path = ../../../../Libraries/Bard/VM/C/BardOpcodes.c; sourceTree = "<group>"; };
		303A6F4D184409980000D593 /* BardOpcodes.h */ = {isa = PBXFileReference; fileEncoding = 4; lastKnownFileType = sourcecode.c.h; name = BardOpcodes.h; path = ../../../../Libraries/Bard/VM/C/BardOpcodes.h; sourceTree = "<group>"; };
		303A6F4E184409980000D593 /* BardProcessor.c */ = {isa = PBXFileReference; fileEncoding = 4; lastKnownFileType = sourcecode.c.c; name = BardProcessor.c; path = ../../../../Libraries/Bard/VM/C/BardProcessor.c; sourceTree = "<group>"; };
		303A6F4F184409980000D593 /* BardProcessor.h */ = {isa = PBXFileReference; fileEncoding = 4; lastKnownFileType = sourcecode.c.h; name = BardProcessor.h; path = ../../../../Libraries/Bard/VM/C/BardProcessor.h; sourceTree = "<group>"; };
		303A6F56184409980000D593 /* BardString.c */ = {isa = PBXFileReference; fileEncoding = 4; lastKnownFileType = sourcecode.c.c; name = BardString.c; path = ../../../../Libraries/Bard/VM/C/BardString.c; sourceTree = "<group>"; };
		303A6F57184409980000D593 /* BardString.h */ = {isa = PBXFileReference; fileEncoding = 4; lastKnownFileType = sourcecode.c.h; name = BardString.h; path = ../../../../Libraries/Bard/VM/C/BardString.h; sourceTree = "<group>"; };
		3072D50318C7B18800AAD23B /* BardEventQueue.c */ = {isa = PBXFileReference; fileEncoding = 4; lastKnownFileType = sourcecode.c.c; name = BardEventQueue.c; path = ../../../../Libraries/Bard/VM/C/BardEventQueue.c; sourceTree = "<group>"; };
		3072D50418C7B18800AAD23B /* BardEventQueue.h */ = {isa = PBXFileReference; fileEncoding = 4; lastKnownFileType = sourcecode.c.h; name = BardEventQueue.h; path = ../../../../Libraries/Bard/VM/C/BardEventQueue.h; sourceTree = "<group>"; };
		30B1ED111851015600A35407 /* BardBCLoader.c */ = {isa = PBXFileReference; fileEncoding = 4; lastKnownFileType = sourcecode.c.c; name = BardBCLoader.c; path = ../../../../Libraries/Bard/VM/C/BardBCLoader.c; sourceTree = "<group>"; };
		30B1ED121851015600A35407 /* BardBCLoader.h */ = {isa = PBXFileReference; fileEncoding = 4; lastKnownFileType = sourcecode.c.h; name = BardBCLoader.h; path = ../../../../Libraries/Bard/VM/C/BardBCLoader.h; sourceTree = "<group>"; };
		30B1ED131851015600A35407 /* BardDefines.h */ = {isa = PBXFileReference; fileEncoding = 4; lastKnownFileType = sourcecode.c.h; name = BardDefines.h; path = ../../../../Libraries/Bard/VM/C/BardDefines.h; sourceTree = "<group>"; };
		30B1ED141851015600A35407 /* BardFileReader.c */ = {isa = PBXFileReference; fileEncoding = 4; lastKnownFileType = sourcecode.c.c; name = BardFileReader.c; path = ../../../../Libraries/Bard/VM/C/BardFileReader.c; sourceTree = "<group>"; };
		30B1ED151851015600A35407 /* BardFileReader.h */ = {isa = PBXFileReference; fileEncoding = 4; lastKnownFileType = sourcecode.c.h; name = BardFileReader.h; path = ../../../../Libraries/Bard/VM/C/BardFileReader.h; sourceTree = "<group>"; };
		30B1ED161851015600A35407 /* BardList.c */ = {isa = PBXFileReference; fileEncoding = 4; lastKnownFileType = sourcecode.c.c; name = BardList.c; path = ../../../../Libraries/Bard/VM/C/BardList.c; sourceTree = "<group>"; };
		30B1ED171851015600A35407 /* BardList.h */ = {isa = PBXFileReference; fileEncoding = 4; lastKnownFileType = sourcecode.c.h; name = BardList.h; path = ../../../../Libraries/Bard/VM/C/BardList.h; sourceTree = "<group>"; };
		30B1ED181851015600A35407 /* BardMessageManager.c */ = {isa = PBXFileReference; fileEncoding = 4; lastKnownFileType = sourcecode.c.c; name = BardMessageManager.c; path = ../../../../Libraries/Bard/VM/C/BardMessageManager.c; sourceTree = "<group>"; };
		30B1ED191851015600A35407 /* BardMessageManager.h */ = {isa = PBXFileReference; fileEncoding = 4; lastKnownFileType = sourcecode.c.h; name = BardMessageManager.h; path = ../../../../Libraries/Bard/VM/C/BardMessageManager.h; sourceTree = "<group>"; };
		30B1ED1A1851015600A35407 /* BardMethod.c */ = {isa = PBXFileReference; fileEncoding = 4; lastKnownFileType = sourcecode.c.c; name = BardMethod.c; path = ../../../../Libraries/Bard/VM/C/BardMethod.c; sourceTree = "<group>"; };
		30B1ED1B1851015600A35407 /* BardMethod.h */ = {isa = PBXFileReference; fileEncoding = 4; lastKnownFileType = sourcecode.c.h; name = BardMethod.h; path = ../../../../Libraries/Bard/VM/C/BardMethod.h; sourceTree = "<group>"; };
		30B1ED1C1851015600A35407 /* BardProperty.c */ = {isa = PBXFileReference; fileEncoding = 4; lastKnownFileType = sourcecode.c.c; name = BardProperty.c; path = ../../../../Libraries/Bard/VM/C/BardProperty.c; sourceTree = "<group>"; };
		30B1ED1D1851015600A35407 /* BardProperty.h */ = {isa = PBXFileReference; fileEncoding = 4; lastKnownFileType = sourcecode.c.h; name = BardProperty.h; path = ../../../../Libraries/Bard/VM/C/BardProperty.h; sourceTree = "<group>"; };
		30B1ED1E1851015600A35407 /* BardStandardLibrary.c */ = {isa = PBXFileReference; fileEncoding = 4; lastKnownFileType = sourcecode.c.c; name = BardStandardLibrary.c; path = ../../../../Libraries/Bard/VM/C/BardStandardLibrary.c; sourceTree = "<group>"; };
		30B1ED1F1851015600A35407 /* BardStandardLibrary.h */ = {isa = PBXFileReference; fileEncoding = 4; lastKnownFileType = sourcecode.c.h; name = BardStandardLibrary.h; path = ../../../../Libraries/Bard/VM/C/BardStandardLibrary.h; sourceTree = "<group>"; };
		30B1ED201851015600A35407 /* BardType.c */ = {isa = PBXFileReference; fileEncoding = 4; lastKnownFileType = sourcecode.c.c; name = BardType.c; path = ../../../../Libraries/Bard/VM/C/BardType.c; sourceTree = "<group>"; };
		30B1ED211851015600A35407 /* BardType.h */ = {isa = PBXFileReference; fileEncoding = 4; lastKnownFileType = sourcecode.c.h; name = BardType.h; path = ../../../../Libraries/Bard/VM/C/BardType.h; sourceTree = "<group>"; };
		30B1ED221851015600A35407 /* BardUtil.c */ = {isa = PBXFileReference; fileEncoding = 4; lastKnownFileType = sourcecode.c.c; name = BardUtil.c; path = ../../../../Libraries/Bard/VM/C/BardUtil.c; sourceTree = "<group>"; };
		30B1ED231851015600A35407 /* BardUtil.h */ = {isa = PBXFileReference; fileEncoding = 4; lastKnownFileType = sourcecode.c.h; name = BardUtil.h; path = ../../../../Libraries/Bard/VM/C/BardUtil.h; sourceTree = "<group>"; };
		30C7FBA9195FF9CB0035BFBF /* Crom.h */ = {isa = PBXFileReference; fileEncoding = 4; lastKnownFileType = sourcecode.c.h; name = Crom.h; path = ../../../../Libraries/Crom/Crom.h; sourceTree = "<group>"; };
/* End PBXFileReference section */

/* Begin PBXFrameworksBuildPhase section */
		303A6F25184408760000D593 /* Frameworks */ = {
			isa = PBXFrameworksBuildPhase;
			buildActionMask = 2147483647;
			files = (
			);
			runOnlyForDeploymentPostprocessing = 0;
		};
/* End PBXFrameworksBuildPhase section */

/* Begin PBXGroup section */
		303A6F1F184408760000D593 = {
			isa = PBXGroup;
			children = (
				303A6F2A184408760000D593 /* BardVM-Mac */,
				303A6F29184408760000D593 /* Products */,
			);
			sourceTree = "<group>";
		};
		303A6F29184408760000D593 /* Products */ = {
			isa = PBXGroup;
			children = (
				303A6F28184408760000D593 /* BardVM-Mac */,
			);
			name = Products;
			sourceTree = "<group>";
		};
		303A6F2A184408760000D593 /* BardVM-Mac */ = {
			isa = PBXGroup;
			children = (
				30C7FBA9195FF9CB0035BFBF /* Crom.h */,
				3072D50318C7B18800AAD23B /* BardEventQueue.c */,
				3072D50418C7B18800AAD23B /* BardEventQueue.h */,
				30B1ED111851015600A35407 /* BardBCLoader.c */,
				30B1ED121851015600A35407 /* BardBCLoader.h */,
				30B1ED131851015600A35407 /* BardDefines.h */,
				30B1ED141851015600A35407 /* BardFileReader.c */,
				30B1ED151851015600A35407 /* BardFileReader.h */,
				30B1ED161851015600A35407 /* BardList.c */,
				30B1ED171851015600A35407 /* BardList.h */,
				30B1ED181851015600A35407 /* BardMessageManager.c */,
				30B1ED191851015600A35407 /* BardMessageManager.h */,
				30B1ED1A1851015600A35407 /* BardMethod.c */,
				30B1ED1B1851015600A35407 /* BardMethod.h */,
				30B1ED1C1851015600A35407 /* BardProperty.c */,
				30B1ED1D1851015600A35407 /* BardProperty.h */,
				30B1ED1E1851015600A35407 /* BardStandardLibrary.c */,
				30B1ED1F1851015600A35407 /* BardStandardLibrary.h */,
				30B1ED201851015600A35407 /* BardType.c */,
				30B1ED211851015600A35407 /* BardType.h */,
				30B1ED221851015600A35407 /* BardUtil.c */,
				30B1ED231851015600A35407 /* BardUtil.h */,
				303A6F38184409980000D593 /* Bard.h */,
				303A6F39184409980000D593 /* BardMM.c */,
				303A6F3A184409980000D593 /* BardMM.h */,
				303A6F3B184409980000D593 /* BardVM.c */,
				303A6F3C184409980000D593 /* BardVM.h */,
				303A6F3F184409980000D593 /* BardArray.c */,
				303A6F40184409980000D593 /* BardArray.h */,
				303A6F4A184409980000D593 /* BardObject.c */,
				303A6F4B184409980000D593 /* BardObject.h */,
				303A6F4C184409980000D593 /* BardOpcodes.c */,
				303A6F4D184409980000D593 /* BardOpcodes.h */,
				303A6F4E184409980000D593 /* BardProcessor.c */,
				303A6F4F184409980000D593 /* BardProcessor.h */,
				303A6F56184409980000D593 /* BardString.c */,
				303A6F57184409980000D593 /* BardString.h */,
				303A6F36184409780000D593 /* Bard.c */,
				303A6F2D184408760000D593 /* BardVM_Mac.1 */,
			);
			path = "BardVM-Mac";
			sourceTree = "<group>";
		};
/* End PBXGroup section */

/* Begin PBXNativeTarget section */
		303A6F27184408760000D593 /* bard */ = {
			isa = PBXNativeTarget;
			buildConfigurationList = 303A6F31184408760000D593 /* Build configuration list for PBXNativeTarget "bard" */;
			buildPhases = (
				303A6F24184408760000D593 /* Sources */,
				303A6F25184408760000D593 /* Frameworks */,
				303A6F26184408760000D593 /* CopyFiles */,
			);
			buildRules = (
			);
			dependencies = (
			);
			name = bard;
			productName = "BardVM-Mac";
			productReference = 303A6F28184408760000D593 /* BardVM-Mac */;
			productType = "com.apple.product-type.tool";
		};
/* End PBXNativeTarget section */

/* Begin PBXProject section */
		303A6F20184408760000D593 /* Project object */ = {
			isa = PBXProject;
			attributes = {
				LastUpgradeCheck = 0500;
				ORGANIZATIONNAME = Plasmaworks;
			};
			buildConfigurationList = 303A6F23184408760000D593 /* Build configuration list for PBXProject "BardVM-Mac" */;
			compatibilityVersion = "Xcode 3.2";
			developmentRegion = English;
			hasScannedForEncodings = 0;
			knownRegions = (
				en,
			);
			mainGroup = 303A6F1F184408760000D593;
			productRefGroup = 303A6F29184408760000D593 /* Products */;
			projectDirPath = "";
			projectRoot = "";
			targets = (
				303A6F27184408760000D593 /* bard */,
			);
		};
/* End PBXProject section */

/* Begin PBXSourcesBuildPhase section */
		303A6F24184408760000D593 /* Sources */ = {
			isa = PBXSourcesBuildPhase;
			buildActionMask = 2147483647;
			files = (
				3072D50518C7B18800AAD23B /* BardEventQueue.c in Sources */,
				303A6F64184409980000D593 /* BardObject.c in Sources */,
				303A6F6A184409980000D593 /* BardString.c in Sources */,
				30B1ED291851015600A35407 /* BardMethod.c in Sources */,
				303A6F66184409980000D593 /* BardProcessor.c in Sources */,
				30B1ED2C1851015600A35407 /* BardType.c in Sources */,
				30B1ED2D1851015600A35407 /* BardUtil.c in Sources */,
				30B1ED2B1851015600A35407 /* BardStandardLibrary.c in Sources */,
				30B1ED271851015600A35407 /* BardList.c in Sources */,
				30B1ED2A1851015600A35407 /* BardProperty.c in Sources */,
				303A6F5D184409980000D593 /* BardVM.c in Sources */,
				303A6F5C184409980000D593 /* BardMM.c in Sources */,
				303A6F65184409980000D593 /* BardOpcodes.c in Sources */,
				303A6F37184409780000D593 /* Bard.c in Sources */,
				30B1ED281851015600A35407 /* BardMessageManager.c in Sources */,
				30B1ED261851015600A35407 /* BardFileReader.c in Sources */,
				30B1ED251851015600A35407 /* BardBCLoader.c in Sources */,
				303A6F5F184409980000D593 /* BardArray.c in Sources */,
			);
			runOnlyForDeploymentPostprocessing = 0;
		};
/* End PBXSourcesBuildPhase section */

/* Begin XCBuildConfiguration section */
		303A6F2F184408760000D593 /* Debug */ = {
			isa = XCBuildConfiguration;
			buildSettings = {
				ALWAYS_SEARCH_USER_PATHS = NO;
				CLANG_CXX_LANGUAGE_STANDARD = "gnu++0x";
				CLANG_CXX_LIBRARY = "libc++";
				CLANG_ENABLE_OBJC_ARC = YES;
				CLANG_WARN_BOOL_CONVERSION = YES;
				CLANG_WARN_CONSTANT_CONVERSION = YES;
				CLANG_WARN_DIRECT_OBJC_ISA_USAGE = YES_ERROR;
				CLANG_WARN_EMPTY_BODY = YES;
				CLANG_WARN_ENUM_CONVERSION = YES;
				CLANG_WARN_INT_CONVERSION = YES;
				CLANG_WARN_OBJC_ROOT_CLASS = YES_ERROR;
				CLANG_WARN__DUPLICATE_METHOD_MATCH = YES;
				COPY_PHASE_STRIP = NO;
				GCC_C_LANGUAGE_STANDARD = gnu99;
				GCC_DYNAMIC_NO_PIC = NO;
				GCC_ENABLE_OBJC_EXCEPTIONS = YES;
				GCC_OPTIMIZATION_LEVEL = 0;
				GCC_PREPROCESSOR_DEFINITIONS = (
					"DEBUG=1",
					"$(inherited)",
				);
				GCC_SYMBOLS_PRIVATE_EXTERN = NO;
				GCC_WARN_64_TO_32_BIT_CONVERSION = YES;
				GCC_WARN_ABOUT_RETURN_TYPE = YES_ERROR;
				GCC_WARN_UNDECLARED_SELECTOR = YES;
				GCC_WARN_UNINITIALIZED_AUTOS = YES;
				GCC_WARN_UNUSED_FUNCTION = YES;
				GCC_WARN_UNUSED_VARIABLE = YES;
				MACOSX_DEPLOYMENT_TARGET = 10.9;
				ONLY_ACTIVE_ARCH = YES;
				SDKROOT = macosx;
			};
			name = Debug;
		};
		303A6F30184408760000D593 /* Release */ = {
			isa = XCBuildConfiguration;
			buildSettings = {
				ALWAYS_SEARCH_USER_PATHS = NO;
				CLANG_CXX_LANGUAGE_STANDARD = "gnu++0x";
				CLANG_CXX_LIBRARY = "libc++";
				CLANG_ENABLE_OBJC_ARC = YES;
				CLANG_WARN_BOOL_CONVERSION = YES;
				CLANG_WARN_CONSTANT_CONVERSION = YES;
				CLANG_WARN_DIRECT_OBJC_ISA_USAGE = YES_ERROR;
				CLANG_WARN_EMPTY_BODY = YES;
				CLANG_WARN_ENUM_CONVERSION = YES;
				CLANG_WARN_INT_CONVERSION = YES;
				CLANG_WARN_OBJC_ROOT_CLASS = YES_ERROR;
				CLANG_WARN__DUPLICATE_METHOD_MATCH = YES;
				COPY_PHASE_STRIP = YES;
				DEBUG_INFORMATION_FORMAT = "dwarf-with-dsym";
				ENABLE_NS_ASSERTIONS = NO;
				GCC_C_LANGUAGE_STANDARD = gnu99;
				GCC_ENABLE_OBJC_EXCEPTIONS = YES;
				GCC_WARN_64_TO_32_BIT_CONVERSION = YES;
				GCC_WARN_ABOUT_RETURN_TYPE = YES_ERROR;
				GCC_WARN_UNDECLARED_SELECTOR = YES;
				GCC_WARN_UNINITIALIZED_AUTOS = YES;
				GCC_WARN_UNUSED_FUNCTION = YES;
				GCC_WARN_UNUSED_VARIABLE = YES;
				MACOSX_DEPLOYMENT_TARGET = 10.9;
				SDKROOT = macosx;
			};
			name = Release;
		};
		303A6F32184408760000D593 /* Debug */ = {
			isa = XCBuildConfiguration;
			buildSettings = {
				GCC_PREPROCESSOR_DEFINITIONS = (
					BARD_VM,
					"DEBUG=1",
					"$(inherited)",
				);
				GCC_STRICT_ALIASING = NO;
				PRODUCT_NAME = "$(TARGET_NAME)";
			};
			name = Debug;
		};
		303A6F33184408760000D593 /* Release */ = {
			isa = XCBuildConfiguration;
			buildSettings = {
				GCC_PREPROCESSOR_DEFINITIONS = BARD_VM;
				GCC_STRICT_ALIASING = NO;
				PRODUCT_NAME = "$(TARGET_NAME)";
			};
			name = Release;
		};
/* End XCBuildConfiguration section */

/* Begin XCConfigurationList section */
		303A6F23184408760000D593 /* Build configuration list for PBXProject "BardVM-Mac" */ = {
			isa = XCConfigurationList;
			buildConfigurations = (
				303A6F2F184408760000D593 /* Debug */,
				303A6F30184408760000D593 /* Release */,
			);
			defaultConfigurationIsVisible = 0;
			defaultConfigurationName = Release;
		};
		303A6F31184408760000D593 /* Build configuration list for PBXNativeTarget "bard" */ = {
			isa = XCConfigurationList;
			buildConfigurations = (
				303A6F32184408760000D593 /* Debug */,
				303A6F33184408760000D593 /* Release */,
			);
			defaultConfigurationIsVisible = 0;
			defaultConfigurationName = Release;
		};
/* End XCConfigurationList section */
	};
	rootObject = 303A6F20184408760000D593 /* Project object */;
}
