// !$*UTF8*$!
{
	archiveVersion = 1;
	classes = {
	};
	objectVersion = 46;
	objects = {

/* Begin PBXBuildFile section */
		3097D3F119283A3100068F12 /* Cocoa.framework in Frameworks */ = {isa = PBXBuildFile; fileRef = 3097D3F019283A3100068F12 /* Cocoa.framework */; };
		3097D3FB19283A3100068F12 /* InfoPlist.strings in Resources */ = {isa = PBXBuildFile; fileRef = 3097D3F919283A3100068F12 /* InfoPlist.strings */; };
		3097D3FD19283A3100068F12 /* main.m in Sources */ = {isa = PBXBuildFile; fileRef = 3097D3FC19283A3100068F12 /* main.m */; };
		3097D40119283A3100068F12 /* Credits.rtf in Resources */ = {isa = PBXBuildFile; fileRef = 3097D3FF19283A3100068F12 /* Credits.rtf */; };
		3097D40419283A3100068F12 /* BardAppDelegate.m in Sources */ = {isa = PBXBuildFile; fileRef = 3097D40319283A3100068F12 /* BardAppDelegate.m */; };
		3097D40719283A3100068F12 /* MainMenu.xib in Resources */ = {isa = PBXBuildFile; fileRef = 3097D40519283A3100068F12 /* MainMenu.xib */; };
		3097D40919283A3100068F12 /* Images.xcassets in Resources */ = {isa = PBXBuildFile; fileRef = 3097D40819283A3100068F12 /* Images.xcassets */; };
		3097D41019283A3100068F12 /* XCTest.framework in Frameworks */ = {isa = PBXBuildFile; fileRef = 3097D40F19283A3100068F12 /* XCTest.framework */; };
		3097D41119283A3100068F12 /* Cocoa.framework in Frameworks */ = {isa = PBXBuildFile; fileRef = 3097D3F019283A3100068F12 /* Cocoa.framework */; };
		3097D41919283A3100068F12 /* InfoPlist.strings in Resources */ = {isa = PBXBuildFile; fileRef = 3097D41719283A3100068F12 /* InfoPlist.strings */; };
		3097D41B19283A3100068F12 /* BardAppTests.m in Sources */ = {isa = PBXBuildFile; fileRef = 3097D41A19283A3100068F12 /* BardAppTests.m */; };
/* End PBXBuildFile section */

/* Begin PBXContainerItemProxy section */
		3097D41219283A3100068F12 /* PBXContainerItemProxy */ = {
			isa = PBXContainerItemProxy;
			containerPortal = 3097D3E519283A3100068F12 /* Project object */;
			proxyType = 1;
			remoteGlobalIDString = 3097D3EC19283A3100068F12;
			remoteInfo = BardApp;
		};
/* End PBXContainerItemProxy section */

/* Begin PBXFileReference section */
		3097D3ED19283A3100068F12 /* BardApp.app */ = {isa = PBXFileReference; explicitFileType = wrapper.application; includeInIndex = 0; path = BardApp.app; sourceTree = BUILT_PRODUCTS_DIR; };
		3097D3F019283A3100068F12 /* Cocoa.framework */ = {isa = PBXFileReference; lastKnownFileType = wrapper.framework; name = Cocoa.framework; path = System/Library/Frameworks/Cocoa.framework; sourceTree = SDKROOT; };
		3097D3F319283A3100068F12 /* AppKit.framework */ = {isa = PBXFileReference; lastKnownFileType = wrapper.framework; name = AppKit.framework; path = System/Library/Frameworks/AppKit.framework; sourceTree = SDKROOT; };
		3097D3F419283A3100068F12 /* CoreData.framework */ = {isa = PBXFileReference; lastKnownFileType = wrapper.framework; name = CoreData.framework; path = System/Library/Frameworks/CoreData.framework; sourceTree = SDKROOT; };
		3097D3F519283A3100068F12 /* Foundation.framework */ = {isa = PBXFileReference; lastKnownFileType = wrapper.framework; name = Foundation.framework; path = System/Library/Frameworks/Foundation.framework; sourceTree = SDKROOT; };
		3097D3F819283A3100068F12 /* BardApp-Info.plist */ = {isa = PBXFileReference; lastKnownFileType = text.plist.xml; path = "BardApp-Info.plist"; sourceTree = "<group>"; };
		3097D3FA19283A3100068F12 /* en */ = {isa = PBXFileReference; lastKnownFileType = text.plist.strings; name = en; path = en.lproj/InfoPlist.strings; sourceTree = "<group>"; };
		3097D3FC19283A3100068F12 /* main.m */ = {isa = PBXFileReference; lastKnownFileType = sourcecode.c.objc; path = main.m; sourceTree = "<group>"; };
		3097D3FE19283A3100068F12 /* BardApp-Prefix.pch */ = {isa = PBXFileReference; lastKnownFileType = sourcecode.c.h; path = "BardApp-Prefix.pch"; sourceTree = "<group>"; };
		3097D40019283A3100068F12 /* en */ = {isa = PBXFileReference; lastKnownFileType = text.rtf; name = en; path = en.lproj/Credits.rtf; sourceTree = "<group>"; };
		3097D40219283A3100068F12 /* BardAppDelegate.h */ = {isa = PBXFileReference; lastKnownFileType = sourcecode.c.h; path = BardAppDelegate.h; sourceTree = "<group>"; };
		3097D40319283A3100068F12 /* BardAppDelegate.m */ = {isa = PBXFileReference; lastKnownFileType = sourcecode.c.objc; path = BardAppDelegate.m; sourceTree = "<group>"; };
		3097D40619283A3100068F12 /* Base */ = {isa = PBXFileReference; lastKnownFileType = file.xib; name = Base; path = Base.lproj/MainMenu.xib; sourceTree = "<group>"; };
		3097D40819283A3100068F12 /* Images.xcassets */ = {isa = PBXFileReference; lastKnownFileType = folder.assetcatalog; path = Images.xcassets; sourceTree = "<group>"; };
		3097D40E19283A3100068F12 /* BardAppTests.xctest */ = {isa = PBXFileReference; explicitFileType = wrapper.cfbundle; includeInIndex = 0; path = BardAppTests.xctest; sourceTree = BUILT_PRODUCTS_DIR; };
		3097D40F19283A3100068F12 /* XCTest.framework */ = {isa = PBXFileReference; lastKnownFileType = wrapper.framework; name = XCTest.framework; path = Library/Frameworks/XCTest.framework; sourceTree = DEVELOPER_DIR; };
		3097D41619283A3100068F12 /* BardAppTests-Info.plist */ = {isa = PBXFileReference; lastKnownFileType = text.plist.xml; path = "BardAppTests-Info.plist"; sourceTree = "<group>"; };
		3097D41819283A3100068F12 /* en */ = {isa = PBXFileReference; lastKnownFileType = text.plist.strings; name = en; path = en.lproj/InfoPlist.strings; sourceTree = "<group>"; };
		3097D41A19283A3100068F12 /* BardAppTests.m */ = {isa = PBXFileReference; lastKnownFileType = sourcecode.c.objc; path = BardAppTests.m; sourceTree = "<group>"; };
/* End PBXFileReference section */

/* Begin PBXFrameworksBuildPhase section */
		3097D3EA19283A3100068F12 /* Frameworks */ = {
			isa = PBXFrameworksBuildPhase;
			buildActionMask = 2147483647;
			files = (
				3097D3F119283A3100068F12 /* Cocoa.framework in Frameworks */,
			);
			runOnlyForDeploymentPostprocessing = 0;
		};
		3097D40B19283A3100068F12 /* Frameworks */ = {
			isa = PBXFrameworksBuildPhase;
			buildActionMask = 2147483647;
			files = (
				3097D41119283A3100068F12 /* Cocoa.framework in Frameworks */,
				3097D41019283A3100068F12 /* XCTest.framework in Frameworks */,
			);
			runOnlyForDeploymentPostprocessing = 0;
		};
/* End PBXFrameworksBuildPhase section */

/* Begin PBXGroup section */
		3097D3E419283A3100068F12 = {
			isa = PBXGroup;
			children = (
				3097D3F619283A3100068F12 /* BardApp */,
				3097D41419283A3100068F12 /* BardAppTests */,
				3097D3EF19283A3100068F12 /* Frameworks */,
				3097D3EE19283A3100068F12 /* Products */,
			);
			sourceTree = "<group>";
		};
		3097D3EE19283A3100068F12 /* Products */ = {
			isa = PBXGroup;
			children = (
				3097D3ED19283A3100068F12 /* BardApp.app */,
				3097D40E19283A3100068F12 /* BardAppTests.xctest */,
			);
			name = Products;
			sourceTree = "<group>";
		};
		3097D3EF19283A3100068F12 /* Frameworks */ = {
			isa = PBXGroup;
			children = (
				3097D3F019283A3100068F12 /* Cocoa.framework */,
				3097D40F19283A3100068F12 /* XCTest.framework */,
				3097D3F219283A3100068F12 /* Other Frameworks */,
			);
			name = Frameworks;
			sourceTree = "<group>";
		};
		3097D3F219283A3100068F12 /* Other Frameworks */ = {
			isa = PBXGroup;
			children = (
				3097D3F319283A3100068F12 /* AppKit.framework */,
				3097D3F419283A3100068F12 /* CoreData.framework */,
				3097D3F519283A3100068F12 /* Foundation.framework */,
			);
			name = "Other Frameworks";
			sourceTree = "<group>";
		};
		3097D3F619283A3100068F12 /* BardApp */ = {
			isa = PBXGroup;
			children = (
				3097D40219283A3100068F12 /* BardAppDelegate.h */,
				3097D40319283A3100068F12 /* BardAppDelegate.m */,
				3097D40519283A3100068F12 /* MainMenu.xib */,
				3097D40819283A3100068F12 /* Images.xcassets */,
				3097D3F719283A3100068F12 /* Supporting Files */,
			);
			path = BardApp;
			sourceTree = "<group>";
		};
		3097D3F719283A3100068F12 /* Supporting Files */ = {
			isa = PBXGroup;
			children = (
				3097D3F819283A3100068F12 /* BardApp-Info.plist */,
				3097D3F919283A3100068F12 /* InfoPlist.strings */,
				3097D3FC19283A3100068F12 /* main.m */,
				3097D3FE19283A3100068F12 /* BardApp-Prefix.pch */,
				3097D3FF19283A3100068F12 /* Credits.rtf */,
			);
			name = "Supporting Files";
			sourceTree = "<group>";
		};
		3097D41419283A3100068F12 /* BardAppTests */ = {
			isa = PBXGroup;
			children = (
				3097D41A19283A3100068F12 /* BardAppTests.m */,
				3097D41519283A3100068F12 /* Supporting Files */,
			);
			path = BardAppTests;
			sourceTree = "<group>";
		};
		3097D41519283A3100068F12 /* Supporting Files */ = {
			isa = PBXGroup;
			children = (
				3097D41619283A3100068F12 /* BardAppTests-Info.plist */,
				3097D41719283A3100068F12 /* InfoPlist.strings */,
			);
			name = "Supporting Files";
			sourceTree = "<group>";
		};
/* End PBXGroup section */

/* Begin PBXNativeTarget section */
		3097D3EC19283A3100068F12 /* BardApp */ = {
			isa = PBXNativeTarget;
			buildConfigurationList = 3097D41E19283A3100068F12 /* Build configuration list for PBXNativeTarget "BardApp" */;
			buildPhases = (
				3097D3E919283A3100068F12 /* Sources */,
				3097D3EA19283A3100068F12 /* Frameworks */,
				3097D3EB19283A3100068F12 /* Resources */,
			);
			buildRules = (
			);
			dependencies = (
			);
			name = BardApp;
			productName = BardApp;
			productReference = 3097D3ED19283A3100068F12 /* BardApp.app */;
			productType = "com.apple.product-type.application";
		};
		3097D40D19283A3100068F12 /* BardAppTests */ = {
			isa = PBXNativeTarget;
			buildConfigurationList = 3097D42119283A3100068F12 /* Build configuration list for PBXNativeTarget "BardAppTests" */;
			buildPhases = (
				3097D40A19283A3100068F12 /* Sources */,
				3097D40B19283A3100068F12 /* Frameworks */,
				3097D40C19283A3100068F12 /* Resources */,
			);
			buildRules = (
			);
			dependencies = (
				3097D41319283A3100068F12 /* PBXTargetDependency */,
			);
			name = BardAppTests;
			productName = BardAppTests;
			productReference = 3097D40E19283A3100068F12 /* BardAppTests.xctest */;
			productType = "com.apple.product-type.bundle.unit-test";
		};
/* End PBXNativeTarget section */

/* Begin PBXProject section */
		3097D3E519283A3100068F12 /* Project object */ = {
			isa = PBXProject;
			attributes = {
				CLASSPREFIX = Bard;
				LastUpgradeCheck = 0510;
				ORGANIZATIONNAME = Plasmaworks;
				TargetAttributes = {
					3097D40D19283A3100068F12 = {
						TestTargetID = 3097D3EC19283A3100068F12;
					};
				};
			};
			buildConfigurationList = 3097D3E819283A3100068F12 /* Build configuration list for PBXProject "BardApp" */;
			compatibilityVersion = "Xcode 3.2";
			developmentRegion = English;
			hasScannedForEncodings = 0;
			knownRegions = (
				en,
				Base,
			);
			mainGroup = 3097D3E419283A3100068F12;
			productRefGroup = 3097D3EE19283A3100068F12 /* Products */;
			projectDirPath = "";
			projectRoot = "";
			targets = (
				3097D3EC19283A3100068F12 /* BardApp */,
				3097D40D19283A3100068F12 /* BardAppTests */,
			);
		};
/* End PBXProject section */

/* Begin PBXResourcesBuildPhase section */
		3097D3EB19283A3100068F12 /* Resources */ = {
			isa = PBXResourcesBuildPhase;
			buildActionMask = 2147483647;
			files = (
				3097D3FB19283A3100068F12 /* InfoPlist.strings in Resources */,
				3097D40919283A3100068F12 /* Images.xcassets in Resources */,
				3097D40119283A3100068F12 /* Credits.rtf in Resources */,
				3097D40719283A3100068F12 /* MainMenu.xib in Resources */,
			);
			runOnlyForDeploymentPostprocessing = 0;
		};
		3097D40C19283A3100068F12 /* Resources */ = {
			isa = PBXResourcesBuildPhase;
			buildActionMask = 2147483647;
			files = (
				3097D41919283A3100068F12 /* InfoPlist.strings in Resources */,
			);
			runOnlyForDeploymentPostprocessing = 0;
		};
/* End PBXResourcesBuildPhase section */

/* Begin PBXSourcesBuildPhase section */
		3097D3E919283A3100068F12 /* Sources */ = {
			isa = PBXSourcesBuildPhase;
			buildActionMask = 2147483647;
			files = (
				3097D3FD19283A3100068F12 /* main.m in Sources */,
				3097D40419283A3100068F12 /* BardAppDelegate.m in Sources */,
			);
			runOnlyForDeploymentPostprocessing = 0;
		};
		3097D40A19283A3100068F12 /* Sources */ = {
			isa = PBXSourcesBuildPhase;
			buildActionMask = 2147483647;
			files = (
				3097D41B19283A3100068F12 /* BardAppTests.m in Sources */,
			);
			runOnlyForDeploymentPostprocessing = 0;
		};
/* End PBXSourcesBuildPhase section */

/* Begin PBXTargetDependency section */
		3097D41319283A3100068F12 /* PBXTargetDependency */ = {
			isa = PBXTargetDependency;
			target = 3097D3EC19283A3100068F12 /* BardApp */;
			targetProxy = 3097D41219283A3100068F12 /* PBXContainerItemProxy */;
		};
/* End PBXTargetDependency section */

/* Begin PBXVariantGroup section */
		3097D3F919283A3100068F12 /* InfoPlist.strings */ = {
			isa = PBXVariantGroup;
			children = (
				3097D3FA19283A3100068F12 /* en */,
			);
			name = InfoPlist.strings;
			sourceTree = "<group>";
		};
		3097D3FF19283A3100068F12 /* Credits.rtf */ = {
			isa = PBXVariantGroup;
			children = (
				3097D40019283A3100068F12 /* en */,
			);
			name = Credits.rtf;
			sourceTree = "<group>";
		};
		3097D40519283A3100068F12 /* MainMenu.xib */ = {
			isa = PBXVariantGroup;
			children = (
				3097D40619283A3100068F12 /* Base */,
			);
			name = MainMenu.xib;
			sourceTree = "<group>";
		};
		3097D41719283A3100068F12 /* InfoPlist.strings */ = {
			isa = PBXVariantGroup;
			children = (
				3097D41819283A3100068F12 /* en */,
			);
			name = InfoPlist.strings;
			sourceTree = "<group>";
		};
/* End PBXVariantGroup section */

/* Begin XCBuildConfiguration section */
		3097D41C19283A3100068F12 /* Debug */ = {
			isa = XCBuildConfiguration;
			buildSettings = {
				ALWAYS_SEARCH_USER_PATHS = NO;
				CLANG_CXX_LANGUAGE_STANDARD = "gnu++0x";
				CLANG_CXX_LIBRARY = "libc++";
				CLANG_ENABLE_MODULES = YES;
				CLANG_ENABLE_OBJC_ARC = YES;
				CLANG_WARN_BOOL_CONVERSION = YES;
				CLANG_WARN_CONSTANT_CONVERSION = YES;
				CLANG_WARN_DIRECT_OBJC_ISA_USAGE = YES_ERROR;
				CLANG_WARN_EMPTY_BODY = YES;
				CLANG_WARN_ENUM_CONVERSION = YES;
				CLANG_WARN_INT_CONVERSION = YES;
				CLANG_WARN_OBJC_ROOT_CLASS = YES_ERROR;
				CLANG_WARN__DUPLICATE_METHOD_MATCH = YES;
				COPY_PHASE_STRIP = NO;
				GCC_C_LANGUAGE_STANDARD = gnu99;
				GCC_DYNAMIC_NO_PIC = NO;
				GCC_ENABLE_OBJC_EXCEPTIONS = YES;
				GCC_OPTIMIZATION_LEVEL = 0;
				GCC_PREPROCESSOR_DEFINITIONS = (
					"DEBUG=1",
					"$(inherited)",
				);
				GCC_SYMBOLS_PRIVATE_EXTERN = NO;
				GCC_WARN_64_TO_32_BIT_CONVERSION = YES;
				GCC_WARN_ABOUT_RETURN_TYPE = YES_ERROR;
				GCC_WARN_UNDECLARED_SELECTOR = YES;
				GCC_WARN_UNINITIALIZED_AUTOS = YES_AGGRESSIVE;
				GCC_WARN_UNUSED_FUNCTION = YES;
				GCC_WARN_UNUSED_VARIABLE = YES;
				MACOSX_DEPLOYMENT_TARGET = 10.9;
				ONLY_ACTIVE_ARCH = YES;
				SDKROOT = macosx;
			};
			name = Debug;
		};
		3097D41D19283A3100068F12 /* Release */ = {
			isa = XCBuildConfiguration;
			buildSettings = {
				ALWAYS_SEARCH_USER_PATHS = NO;
				CLANG_CXX_LANGUAGE_STANDARD = "gnu++0x";
				CLANG_CXX_LIBRARY = "libc++";
				CLANG_ENABLE_MODULES = YES;
				CLANG_ENABLE_OBJC_ARC = YES;
				CLANG_WARN_BOOL_CONVERSION = YES;
				CLANG_WARN_CONSTANT_CONVERSION = YES;
				CLANG_WARN_DIRECT_OBJC_ISA_USAGE = YES_ERROR;
				CLANG_WARN_EMPTY_BODY = YES;
				CLANG_WARN_ENUM_CONVERSION = YES;
				CLANG_WARN_INT_CONVERSION = YES;
				CLANG_WARN_OBJC_ROOT_CLASS = YES_ERROR;
				CLANG_WARN__DUPLICATE_METHOD_MATCH = YES;
				COPY_PHASE_STRIP = YES;
				DEBUG_INFORMATION_FORMAT = "dwarf-with-dsym";
				ENABLE_NS_ASSERTIONS = NO;
				GCC_C_LANGUAGE_STANDARD = gnu99;
				GCC_ENABLE_OBJC_EXCEPTIONS = YES;
				GCC_WARN_64_TO_32_BIT_CONVERSION = YES;
				GCC_WARN_ABOUT_RETURN_TYPE = YES_ERROR;
				GCC_WARN_UNDECLARED_SELECTOR = YES;
				GCC_WARN_UNINITIALIZED_AUTOS = YES_AGGRESSIVE;
				GCC_WARN_UNUSED_FUNCTION = YES;
				GCC_WARN_UNUSED_VARIABLE = YES;
				MACOSX_DEPLOYMENT_TARGET = 10.9;
				SDKROOT = macosx;
			};
			name = Release;
		};
		3097D41F19283A3100068F12 /* Debug */ = {
			isa = XCBuildConfiguration;
			buildSettings = {
				ASSETCATALOG_COMPILER_APPICON_NAME = AppIcon;
				COMBINE_HIDPI_IMAGES = YES;
				GCC_PRECOMPILE_PREFIX_HEADER = YES;
				GCC_PREFIX_HEADER = "BardApp/BardApp-Prefix.pch";
				INFOPLIST_FILE = "BardApp/BardApp-Info.plist";
				PRODUCT_NAME = "$(TARGET_NAME)";
				WRAPPER_EXTENSION = app;
			};
			name = Debug;
		};
		3097D42019283A3100068F12 /* Release */ = {
			isa = XCBuildConfiguration;
			buildSettings = {
				ASSETCATALOG_COMPILER_APPICON_NAME = AppIcon;
				COMBINE_HIDPI_IMAGES = YES;
				GCC_PRECOMPILE_PREFIX_HEADER = YES;
				GCC_PREFIX_HEADER = "BardApp/BardApp-Prefix.pch";
				INFOPLIST_FILE = "BardApp/BardApp-Info.plist";
				PRODUCT_NAME = "$(TARGET_NAME)";
				WRAPPER_EXTENSION = app;
			};
			name = Release;
		};
		3097D42219283A3100068F12 /* Debug */ = {
			isa = XCBuildConfiguration;
			buildSettings = {
				BUNDLE_LOADER = "$(BUILT_PRODUCTS_DIR)/BardApp.app/Contents/MacOS/BardApp";
				COMBINE_HIDPI_IMAGES = YES;
				FRAMEWORK_SEARCH_PATHS = (
					"$(DEVELOPER_FRAMEWORKS_DIR)",
					"$(inherited)",
				);
				GCC_PRECOMPILE_PREFIX_HEADER = YES;
				GCC_PREFIX_HEADER = "BardApp/BardApp-Prefix.pch";
				GCC_PREPROCESSOR_DEFINITIONS = (
					"DEBUG=1",
					"$(inherited)",
				);
				INFOPLIST_FILE = "BardAppTests/BardAppTests-Info.plist";
				PRODUCT_NAME = "$(TARGET_NAME)";
				TEST_HOST = "$(BUNDLE_LOADER)";
				WRAPPER_EXTENSION = xctest;
			};
			name = Debug;
		};
		3097D42319283A3100068F12 /* Release */ = {
			isa = XCBuildConfiguration;
			buildSettings = {
				BUNDLE_LOADER = "$(BUILT_PRODUCTS_DIR)/BardApp.app/Contents/MacOS/BardApp";
				COMBINE_HIDPI_IMAGES = YES;
				FRAMEWORK_SEARCH_PATHS = (
					"$(DEVELOPER_FRAMEWORKS_DIR)",
					"$(inherited)",
				);
				GCC_PRECOMPILE_PREFIX_HEADER = YES;
				GCC_PREFIX_HEADER = "BardApp/BardApp-Prefix.pch";
				INFOPLIST_FILE = "BardAppTests/BardAppTests-Info.plist";
				PRODUCT_NAME = "$(TARGET_NAME)";
				TEST_HOST = "$(BUNDLE_LOADER)";
				WRAPPER_EXTENSION = xctest;
			};
			name = Release;
		};
/* End XCBuildConfiguration section */

/* Begin XCConfigurationList section */
		3097D3E819283A3100068F12 /* Build configuration list for PBXProject "BardApp" */ = {
			isa = XCConfigurationList;
			buildConfigurations = (
				3097D41C19283A3100068F12 /* Debug */,
				3097D41D19283A3100068F12 /* Release */,
			);
			defaultConfigurationIsVisible = 0;
			defaultConfigurationName = Release;
		};
		3097D41E19283A3100068F12 /* Build configuration list for PBXNativeTarget "BardApp" */ = {
			isa = XCConfigurationList;
			buildConfigurations = (
				3097D41F19283A3100068F12 /* Debug */,
				3097D42019283A3100068F12 /* Release */,
			);
			defaultConfigurationIsVisible = 0;
		};
		3097D42119283A3100068F12 /* Build configuration list for PBXNativeTarget "BardAppTests" */ = {
			isa = XCConfigurationList;
			buildConfigurations = (
				3097D42219283A3100068F12 /* Debug */,
				3097D42319283A3100068F12 /* Release */,
			);
			defaultConfigurationIsVisible = 0;
		};
/* End XCConfigurationList section */
	};
	rootObject = 3097D3E519283A3100068F12 /* Project object */;
}
